
Microsoft Visual Studio Solution File, Format Version 12.00
# Visual Studio Version 17
VisualStudioVersion = 17.13.35828.75 d17.13
MinimumVisualStudioVersion = 10.0.40219.1
Project("{FAE04EC0-301F-11D3-BF4B-00C04F79EFBC}") = "SortingOptimizationDemo", "SortingOptimizationDemo.csproj", "{74D8A8E2-D4EE-4ED9-B98B-B5254DCDA8AA}"
EndProject
Global
	GlobalSection(SolutionConfigurationPlatforms) = preSolution
		Debug|Any CPU = Debug|Any CPU
		Release|Any CPU = Release|Any CPU
	EndGlobalSection
	GlobalSection(ProjectConfigurationPlatforms) = postSolution
		{74D8A8E2-D4EE-4ED9-B98B-B5254DCDA8AA}.Debug|Any CPU.ActiveCfg = Debug|Any CPU
		{74D8A8E2-D4EE-4ED9-B98B-B5254DCDA8AA}.Debug|Any CPU.Build.0 = Debug|Any CPU
		{74D8A8E2-D4EE-4ED9-B98B-B5254DCDA8AA}.Release|Any CPU.ActiveCfg = Release|Any CPU
		{74D8A8E2-D4EE-4ED9-B98B-B5254DCDA8AA}.Release|Any CPU.Build.0 = Release|Any CPU
	EndGlobalSection
	GlobalSection(SolutionProperties) = preSolution
		HideSolutionNode = FALSE
	EndGlobalSection
	GlobalSection(ExtensibilityGlobals) = postSolution
		SolutionGuid = {8DD65112-5F93-42C5-98A0-2A7EB1316A9D}
	EndGlobalSection
EndGlobal
